// !$*UTF8*$!
{
	archiveVersion = 1;
	classes = {
	};
	objectVersion = 55;
	objects = {

/* Begin PBXBuildFile section */
		E68A1EC4281818940070A4AB /* feedappApp.swift in Sources */ = {isa = PBXBuildFile; fileRef = E68A1EC3281818940070A4AB /* feedappApp.swift */; };
		E68A1EC6281818940070A4AB /* ContentView.swift in Sources */ = {isa = PBXBuildFile; fileRef = E68A1EC5281818940070A4AB /* ContentView.swift */; };
		E68A1EC8281818990070A4AB /* Assets.xcassets in Resources */ = {isa = PBXBuildFile; fileRef = E68A1EC7281818990070A4AB /* Assets.xcassets */; };
		E68A1ECB281818990070A4AB /* Preview Assets.xcassets in Resources */ = {isa = PBXBuildFile; fileRef = E68A1ECA281818990070A4AB /* Preview Assets.xcassets */; };
		E68A1ED52818189A0070A4AB /* feedappTests.swift in Sources */ = {isa = PBXBuildFile; fileRef = E68A1ED42818189A0070A4AB /* feedappTests.swift */; };
		E68A1EDF2818189A0070A4AB /* feedappUITests.swift in Sources */ = {isa = PBXBuildFile; fileRef = E68A1EDE2818189A0070A4AB /* feedappUITests.swift */; };
		E68A1EE12818189A0070A4AB /* feedappUITestsLaunchTests.swift in Sources */ = {isa = PBXBuildFile; fileRef = E68A1EE02818189A0070A4AB /* feedappUITestsLaunchTests.swift */; };
/* End PBXBuildFile section */

/* Begin PBXContainerItemProxy section */
		E68A1ED12818189A0070A4AB /* PBXContainerItemProxy */ = {
			isa = PBXContainerItemProxy;
			containerPortal = E68A1EB8281818940070A4AB /* Project object */;
			proxyType = 1;
			remoteGlobalIDString = E68A1EBF281818940070A4AB;
			remoteInfo = feedapp;
		};
		E68A1EDB2818189A0070A4AB /* PBXContainerItemProxy */ = {
			isa = PBXContainerItemProxy;
			containerPortal = E68A1EB8281818940070A4AB /* Project object */;
			proxyType = 1;
			remoteGlobalIDString = E68A1EBF281818940070A4AB;
			remoteInfo = feedapp;
		};
/* End PBXContainerItemProxy section */

/* Begin PBXFileReference section */
		E68A1EC0281818940070A4AB /* feedapp.app */ = {isa = PBXFileReference; explicitFileType = wrapper.application; includeInIndex = 0; path = feedapp.app; sourceTree = BUILT_PRODUCTS_DIR; };
		E68A1EC3281818940070A4AB /* feedappApp.swift */ = {isa = PBXFileReference; lastKnownFileType = sourcecode.swift; path = feedappApp.swift; sourceTree = "<group>"; };
		E68A1EC5281818940070A4AB /* ContentView.swift */ = {isa = PBXFileReference; lastKnownFileType = sourcecode.swift; path = ContentView.swift; sourceTree = "<group>"; };
		E68A1EC7281818990070A4AB /* Assets.xcassets */ = {isa = PBXFileReference; lastKnownFileType = folder.assetcatalog; path = Assets.xcassets; sourceTree = "<group>"; };
		E68A1ECA281818990070A4AB /* Preview Assets.xcassets */ = {isa = PBXFileReference; lastKnownFileType = folder.assetcatalog; path = "Preview Assets.xcassets"; sourceTree = "<group>"; };
		E68A1ED02818189A0070A4AB /* feedappTests.xctest */ = {isa = PBXFileReference; explicitFileType = wrapper.cfbundle; includeInIndex = 0; path = feedappTests.xctest; sourceTree = BUILT_PRODUCTS_DIR; };
		E68A1ED42818189A0070A4AB /* feedappTests.swift */ = {isa = PBXFileReference; lastKnownFileType = sourcecode.swift; path = feedappTests.swift; sourceTree = "<group>"; };
		E68A1EDA2818189A0070A4AB /* feedappUITests.xctest */ = {isa = PBXFileReference; explicitFileType = wrapper.cfbundle; includeInIndex = 0; path = feedappUITests.xctest; sourceTree = BUILT_PRODUCTS_DIR; };
		E68A1EDE2818189A0070A4AB /* feedappUITests.swift */ = {isa = PBXFileReference; lastKnownFileType = sourcecode.swift; path = feedappUITests.swift; sourceTree = "<group>"; };
		E68A1EE02818189A0070A4AB /* feedappUITestsLaunchTests.swift */ = {isa = PBXFileReference; lastKnownFileType = sourcecode.swift; path = feedappUITestsLaunchTests.swift; sourceTree = "<group>"; };
/* End PBXFileReference section */

/* Begin PBXFrameworksBuildPhase section */
		E68A1EBD281818940070A4AB /* Frameworks */ = {
			isa = PBXFrameworksBuildPhase;
			buildActionMask = 2147483647;
			files = (
			);
			runOnlyForDeploymentPostprocessing = 0;
		};
		E68A1ECD2818189A0070A4AB /* Frameworks */ = {
			isa = PBXFrameworksBuildPhase;
			buildActionMask = 2147483647;
			files = (
			);
			runOnlyForDeploymentPostprocessing = 0;
		};
		E68A1ED72818189A0070A4AB /* Frameworks */ = {
			isa = PBXFrameworksBuildPhase;
			buildActionMask = 2147483647;
			files = (
			);
			runOnlyForDeploymentPostprocessing = 0;
		};
/* End PBXFrameworksBuildPhase section */

/* Begin PBXGroup section */
		E68A1EB7281818940070A4AB = {
			isa = PBXGroup;
			children = (
				E68A1EC2281818940070A4AB /* feedapp */,
				E68A1ED32818189A0070A4AB /* feedappTests */,
				E68A1EDD2818189A0070A4AB /* feedappUITests */,
				E68A1EC1281818940070A4AB /* Products */,
			);
			sourceTree = "<group>";
		};
		E68A1EC1281818940070A4AB /* Products */ = {
			isa = PBXGroup;
			children = (
				E68A1EC0281818940070A4AB /* feedapp.app */,
				E68A1ED02818189A0070A4AB /* feedappTests.xctest */,
				E68A1EDA2818189A0070A4AB /* feedappUITests.xctest */,
			);
			name = Products;
			sourceTree = "<group>";
		};
		E68A1EC2281818940070A4AB /* feedapp */ = {
			isa = PBXGroup;
			children = (
				E68A1EC3281818940070A4AB /* feedappApp.swift */,
				E68A1EC5281818940070A4AB /* ContentView.swift */,
				E68A1EC7281818990070A4AB /* Assets.xcassets */,
				E68A1EC9281818990070A4AB /* Preview Content */,
			);
			path = feedapp;
			sourceTree = "<group>";
		};
		E68A1EC9281818990070A4AB /* Preview Content */ = {
			isa = PBXGroup;
			children = (
				E68A1ECA281818990070A4AB /* Preview Assets.xcassets */,
			);
			path = "Preview Content";
			sourceTree = "<group>";
		};
		E68A1ED32818189A0070A4AB /* feedappTests */ = {
			isa = PBXGroup;
			children = (
				E68A1ED42818189A0070A4AB /* feedappTests.swift */,
			);
			path = feedappTests;
			sourceTree = "<group>";
		};
		E68A1EDD2818189A0070A4AB /* feedappUITests */ = {
			isa = PBXGroup;
			children = (
				E68A1EDE2818189A0070A4AB /* feedappUITests.swift */,
				E68A1EE02818189A0070A4AB /* feedappUITestsLaunchTests.swift */,
			);
			path = feedappUITests;
			sourceTree = "<group>";
		};
/* End PBXGroup section */

/* Begin PBXNativeTarget section */
		E68A1EBF281818940070A4AB /* feedapp */ = {
			isa = PBXNativeTarget;
			buildConfigurationList = E68A1EE42818189A0070A4AB /* Build configuration list for PBXNativeTarget "feedapp" */;
			buildPhases = (
				E68A1EBC281818940070A4AB /* Sources */,
				E68A1EBD281818940070A4AB /* Frameworks */,
				E68A1EBE281818940070A4AB /* Resources */,
			);
			buildRules = (
			);
			dependencies = (
			);
			name = feedapp;
			productName = feedapp;
			productReference = E68A1EC0281818940070A4AB /* feedapp.app */;
			productType = "com.apple.product-type.application";
		};
		E68A1ECF2818189A0070A4AB /* feedappTests */ = {
			isa = PBXNativeTarget;
			buildConfigurationList = E68A1EE72818189A0070A4AB /* Build configuration list for PBXNativeTarget "feedappTests" */;
			buildPhases = (
				E68A1ECC2818189A0070A4AB /* Sources */,
				E68A1ECD2818189A0070A4AB /* Frameworks */,
				E68A1ECE2818189A0070A4AB /* Resources */,
			);
			buildRules = (
			);
			dependencies = (
				E68A1ED22818189A0070A4AB /* PBXTargetDependency */,
			);
			name = feedappTests;
			productName = feedappTests;
			productReference = E68A1ED02818189A0070A4AB /* feedappTests.xctest */;
			productType = "com.apple.product-type.bundle.unit-test";
		};
		E68A1ED92818189A0070A4AB /* feedappUITests */ = {
			isa = PBXNativeTarget;
			buildConfigurationList = E68A1EEA2818189A0070A4AB /* Build configuration list for PBXNativeTarget "feedappUITests" */;
			buildPhases = (
				E68A1ED62818189A0070A4AB /* Sources */,
				E68A1ED72818189A0070A4AB /* Frameworks */,
				E68A1ED82818189A0070A4AB /* Resources */,
			);
			buildRules = (
			);
			dependencies = (
				E68A1EDC2818189A0070A4AB /* PBXTargetDependency */,
			);
			name = feedappUITests;
			productName = feedappUITests;
			productReference = E68A1EDA2818189A0070A4AB /* feedappUITests.xctest */;
			productType = "com.apple.product-type.bundle.ui-testing";
		};
/* End PBXNativeTarget section */

/* Begin PBXProject section */
		E68A1EB8281818940070A4AB /* Project object */ = {
			isa = PBXProject;
			attributes = {
				BuildIndependentTargetsInParallel = 1;
				LastSwiftUpdateCheck = 1330;
				LastUpgradeCheck = 1330;
				TargetAttributes = {
					E68A1EBF281818940070A4AB = {
						CreatedOnToolsVersion = 13.3.1;
					};
					E68A1ECF2818189A0070A4AB = {
						CreatedOnToolsVersion = 13.3.1;
						TestTargetID = E68A1EBF281818940070A4AB;
					};
					E68A1ED92818189A0070A4AB = {
						CreatedOnToolsVersion = 13.3.1;
						TestTargetID = E68A1EBF281818940070A4AB;
					};
				};
			};
			buildConfigurationList = E68A1EBB281818940070A4AB /* Build configuration list for PBXProject "feedapp" */;
			compatibilityVersion = "Xcode 13.0";
			developmentRegion = en;
			hasScannedForEncodings = 0;
			knownRegions = (
				en,
				Base,
			);
			mainGroup = E68A1EB7281818940070A4AB;
			productRefGroup = E68A1EC1281818940070A4AB /* Products */;
			projectDirPath = "";
			projectRoot = "";
			targets = (
				E68A1EBF281818940070A4AB /* feedapp */,
				E68A1ECF2818189A0070A4AB /* feedappTests */,
				E68A1ED92818189A0070A4AB /* feedappUITests */,
			);
		};
/* End PBXProject section */

/* Begin PBXResourcesBuildPhase section */
		E68A1EBE281818940070A4AB /* Resources */ = {
			isa = PBXResourcesBuildPhase;
			buildActionMask = 2147483647;
			files = (
				E68A1ECB281818990070A4AB /* Preview Assets.xcassets in Resources */,
				E68A1EC8281818990070A4AB /* Assets.xcassets in Resources */,
			);
			runOnlyForDeploymentPostprocessing = 0;
		};
		E68A1ECE2818189A0070A4AB /* Resources */ = {
			isa = PBXResourcesBuildPhase;
			buildActionMask = 2147483647;
			files = (
			);
			runOnlyForDeploymentPostprocessing = 0;
		};
		E68A1ED82818189A0070A4AB /* Resources */ = {
			isa = PBXResourcesBuildPhase;
			buildActionMask = 2147483647;
			files = (
			);
			runOnlyForDeploymentPostprocessing = 0;
		};
/* End PBXResourcesBuildPhase section */

/* Begin PBXSourcesBuildPhase section */
		E68A1EBC281818940070A4AB /* Sources */ = {
			isa = PBXSourcesBuildPhase;
			buildActionMask = 2147483647;
			files = (
				E68A1EC6281818940070A4AB /* ContentView.swift in Sources */,
				E68A1EC4281818940070A4AB /* feedappApp.swift in Sources */,
			);
			runOnlyForDeploymentPostprocessing = 0;
		};
		E68A1ECC2818189A0070A4AB /* Sources */ = {
			isa = PBXSourcesBuildPhase;
			buildActionMask = 2147483647;
			files = (
				E68A1ED52818189A0070A4AB /* feedappTests.swift in Sources */,
			);
			runOnlyForDeploymentPostprocessing = 0;
		};
		E68A1ED62818189A0070A4AB /* Sources */ = {
			isa = PBXSourcesBuildPhase;
			buildActionMask = 2147483647;
			files = (
				E68A1EE12818189A0070A4AB /* feedappUITestsLaunchTests.swift in Sources */,
				E68A1EDF2818189A0070A4AB /* feedappUITests.swift in Sources */,
			);
			runOnlyForDeploymentPostprocessing = 0;
		};
/* End PBXSourcesBuildPhase section */

/* Begin PBXTargetDependency section */
		E68A1ED22818189A0070A4AB /* PBXTargetDependency */ = {
			isa = PBXTargetDependency;
			target = E68A1EBF281818940070A4AB /* feedapp */;
			targetProxy = E68A1ED12818189A0070A4AB /* PBXContainerItemProxy */;
		};
		E68A1EDC2818189A0070A4AB /* PBXTargetDependency */ = {
			isa = PBXTargetDependency;
			target = E68A1EBF281818940070A4AB /* feedapp */;
			targetProxy = E68A1EDB2818189A0070A4AB /* PBXContainerItemProxy */;
		};
/* End PBXTargetDependency section */

/* Begin XCBuildConfiguration section */
		E68A1EE22818189A0070A4AB /* Debug */ = {
			isa = XCBuildConfiguration;
			buildSettings = {
				ALWAYS_SEARCH_USER_PATHS = NO;
				CLANG_ANALYZER_NONNULL = YES;
				CLANG_ANALYZER_NUMBER_OBJECT_CONVERSION = YES_AGGRESSIVE;
				CLANG_CXX_LANGUAGE_STANDARD = "gnu++17";
				CLANG_ENABLE_MODULES = YES;
				CLANG_ENABLE_OBJC_ARC = YES;
				CLANG_ENABLE_OBJC_WEAK = YES;
				CLANG_WARN_BLOCK_CAPTURE_AUTORELEASING = YES;
				CLANG_WARN_BOOL_CONVERSION = YES;
				CLANG_WARN_COMMA = YES;
				CLANG_WARN_CONSTANT_CONVERSION = YES;
				CLANG_WARN_DEPRECATED_OBJC_IMPLEMENTATIONS = YES;
				CLANG_WARN_DIRECT_OBJC_ISA_USAGE = YES_ERROR;
				CLANG_WARN_DOCUMENTATION_COMMENTS = YES;
				CLANG_WARN_EMPTY_BODY = YES;
				CLANG_WARN_ENUM_CONVERSION = YES;
				CLANG_WARN_INFINITE_RECURSION = YES;
				CLANG_WARN_INT_CONVERSION = YES;
				CLANG_WARN_NON_LITERAL_NULL_CONVERSION = YES;
				CLANG_WARN_OBJC_IMPLICIT_RETAIN_SELF = YES;
				CLANG_WARN_OBJC_LITERAL_CONVERSION = YES;
				CLANG_WARN_OBJC_ROOT_CLASS = YES_ERROR;
				CLANG_WARN_QUOTED_INCLUDE_IN_FRAMEWORK_HEADER = YES;
				CLANG_WARN_RANGE_LOOP_ANALYSIS = YES;
				CLANG_WARN_STRICT_PROTOTYPES = YES;
				CLANG_WARN_SUSPICIOUS_MOVE = YES;
				CLANG_WARN_UNGUARDED_AVAILABILITY = YES_AGGRESSIVE;
				CLANG_WARN_UNREACHABLE_CODE = YES;
				CLANG_WARN__DUPLICATE_METHOD_MATCH = YES;
				COPY_PHASE_STRIP = NO;
				DEBUG_INFORMATION_FORMAT = dwarf;
				ENABLE_STRICT_OBJC_MSGSEND = YES;
				ENABLE_TESTABILITY = YES;
				GCC_C_LANGUAGE_STANDARD = gnu11;
				GCC_DYNAMIC_NO_PIC = NO;
				GCC_NO_COMMON_BLOCKS = YES;
				GCC_OPTIMIZATION_LEVEL = 0;
				GCC_PREPROCESSOR_DEFINITIONS = (
					"DEBUG=1",
					"$(inherited)",
				);
				GCC_WARN_64_TO_32_BIT_CONVERSION = YES;
				GCC_WARN_ABOUT_RETURN_TYPE = YES_ERROR;
				GCC_WARN_UNDECLARED_SELECTOR = YES;
				GCC_WARN_UNINITIALIZED_AUTOS = YES_AGGRESSIVE;
				GCC_WARN_UNUSED_FUNCTION = YES;
				GCC_WARN_UNUSED_VARIABLE = YES;
				IPHONEOS_DEPLOYMENT_TARGET = 15.4;
				MTL_ENABLE_DEBUG_INFO = INCLUDE_SOURCE;
				MTL_FAST_MATH = YES;
				ONLY_ACTIVE_ARCH = YES;
				SDKROOT = iphoneos;
				SWIFT_ACTIVE_COMPILATION_CONDITIONS = DEBUG;
				SWIFT_OPTIMIZATION_LEVEL = "-Onone";
			};
			name = Debug;
		};
		E68A1EE32818189A0070A4AB /* Release */ = {
			isa = XCBuildConfiguration;
			buildSettings = {
				ALWAYS_SEARCH_USER_PATHS = NO;
				CLANG_ANALYZER_NONNULL = YES;
				CLANG_ANALYZER_NUMBER_OBJECT_CONVERSION = YES_AGGRESSIVE;
				CLANG_CXX_LANGUAGE_STANDARD = "gnu++17";
				CLANG_ENABLE_MODULES = YES;
				CLANG_ENABLE_OBJC_ARC = YES;
				CLANG_ENABLE_OBJC_WEAK = YES;
				CLANG_WARN_BLOCK_CAPTURE_AUTORELEASING = YES;
				CLANG_WARN_BOOL_CONVERSION = YES;
				CLANG_WARN_COMMA = YES;
				CLANG_WARN_CONSTANT_CONVERSION = YES;
				CLANG_WARN_DEPRECATED_OBJC_IMPLEMENTATIONS = YES;
				CLANG_WARN_DIRECT_OBJC_ISA_USAGE = YES_ERROR;
				CLANG_WARN_DOCUMENTATION_COMMENTS = YES;
				CLANG_WARN_EMPTY_BODY = YES;
				CLANG_WARN_ENUM_CONVERSION = YES;
				CLANG_WARN_INFINITE_RECURSION = YES;
				CLANG_WARN_INT_CONVERSION = YES;
				CLANG_WARN_NON_LITERAL_NULL_CONVERSION = YES;
				CLANG_WARN_OBJC_IMPLICIT_RETAIN_SELF = YES;
				CLANG_WARN_OBJC_LITERAL_CONVERSION = YES;
				CLANG_WARN_OBJC_ROOT_CLASS = YES_ERROR;
				CLANG_WARN_QUOTED_INCLUDE_IN_FRAMEWORK_HEADER = YES;
				CLANG_WARN_RANGE_LOOP_ANALYSIS = YES;
				CLANG_WARN_STRICT_PROTOTYPES = YES;
				CLANG_WARN_SUSPICIOUS_MOVE = YES;
				CLANG_WARN_UNGUARDED_AVAILABILITY = YES_AGGRESSIVE;
				CLANG_WARN_UNREACHABLE_CODE = YES;
				CLANG_WARN__DUPLICATE_METHOD_MATCH = YES;
				COPY_PHASE_STRIP = NO;
				DEBUG_INFORMATION_FORMAT = "dwarf-with-dsym";
				ENABLE_NS_ASSERTIONS = NO;
				ENABLE_STRICT_OBJC_MSGSEND = YES;
				GCC_C_LANGUAGE_STANDARD = gnu11;
				GCC_NO_COMMON_BLOCKS = YES;
				GCC_WARN_64_TO_32_BIT_CONVERSION = YES;
				GCC_WARN_ABOUT_RETURN_TYPE = YES_ERROR;
				GCC_WARN_UNDECLARED_SELECTOR = YES;
				GCC_WARN_UNINITIALIZED_AUTOS = YES_AGGRESSIVE;
				GCC_WARN_UNUSED_FUNCTION = YES;
				GCC_WARN_UNUSED_VARIABLE = YES;
				IPHONEOS_DEPLOYMENT_TARGET = 15.4;
				MTL_ENABLE_DEBUG_INFO = NO;
				MTL_FAST_MATH = YES;
				SDKROOT = iphoneos;
				SWIFT_COMPILATION_MODE = wholemodule;
				SWIFT_OPTIMIZATION_LEVEL = "-O";
				VALIDATE_PRODUCT = YES;
			};
			name = Release;
		};
		E68A1EE52818189A0070A4AB /* Debug */ = {
			isa = XCBuildConfiguration;
			buildSettings = {
				ASSETCATALOG_COMPILER_APPICON_NAME = AppIcon;
				ASSETCATALOG_COMPILER_GLOBAL_ACCENT_COLOR_NAME = AccentColor;
				CODE_SIGN_STYLE = Automatic;
				CURRENT_PROJECT_VERSION = 1;
				DEVELOPMENT_ASSET_PATHS = "\"feedapp/Preview Content\"";
				DEVELOPMENT_TEAM = UUNJH84ZMG;
				ENABLE_PREVIEWS = YES;
				GENERATE_INFOPLIST_FILE = YES;
				INFOPLIST_KEY_UIApplicationSceneManifest_Generation = YES;
				INFOPLIST_KEY_UIApplicationSupportsIndirectInputEvents = YES;
				INFOPLIST_KEY_UILaunchScreen_Generation = YES;
				INFOPLIST_KEY_UISupportedInterfaceOrientations_iPad = "UIInterfaceOrientationPortrait UIInterfaceOrientationPortraitUpsideDown UIInterfaceOrientationLandscapeLeft UIInterfaceOrientationLandscapeRight";
				INFOPLIST_KEY_UISupportedInterfaceOrientations_iPhone = "UIInterfaceOrientationPortrait UIInterfaceOrientationLandscapeLeft UIInterfaceOrientationLandscapeRight";
				LD_RUNPATH_SEARCH_PATHS = (
					"$(inherited)",
					"@executable_path/Frameworks",
				);
				MARKETING_VERSION = 1.0;
				PRODUCT_BUNDLE_IDENTIFIER = shr.feedapp;
				PRODUCT_NAME = "$(TARGET_NAME)";
				SWIFT_EMIT_LOC_STRINGS = YES;
				SWIFT_VERSION = 5.0;
				TARGETED_DEVICE_FAMILY = "1,2";
			};
			name = Debug;
		};
		E68A1EE62818189A0070A4AB /* Release */ = {
			isa = XCBuildConfiguration;
			buildSettings = {
				ASSETCATALOG_COMPILER_APPICON_NAME = AppIcon;
				ASSETCATALOG_COMPILER_GLOBAL_ACCENT_COLOR_NAME = AccentColor;
				CODE_SIGN_STYLE = Automatic;
				CURRENT_PROJECT_VERSION = 1;
				DEVELOPMENT_ASSET_PATHS = "\"feedapp/Preview Content\"";
				DEVELOPMENT_TEAM = UUNJH84ZMG;
				ENABLE_PREVIEWS = YES;
				GENERATE_INFOPLIST_FILE = YES;
				INFOPLIST_KEY_UIApplicationSceneManifest_Generation = YES;
				INFOPLIST_KEY_UIApplicationSupportsIndirectInputEvents = YES;
				INFOPLIST_KEY_UILaunchScreen_Generation = YES;
				INFOPLIST_KEY_UISupportedInterfaceOrientations_iPad = "UIInterfaceOrientationPortrait UIInterfaceOrientationPortraitUpsideDown UIInterfaceOrientationLandscapeLeft UIInterfaceOrientationLandscapeRight";
				INFOPLIST_KEY_UISupportedInterfaceOrientations_iPhone = "UIInterfaceOrientationPortrait UIInterfaceOrientationLandscapeLeft UIInterfaceOrientationLandscapeRight";
				LD_RUNPATH_SEARCH_PATHS = (
					"$(inherited)",
					"@executable_path/Frameworks",
				);
				MARKETING_VERSION = 1.0;
				PRODUCT_BUNDLE_IDENTIFIER = shr.feedapp;
				PRODUCT_NAME = "$(TARGET_NAME)";
				SWIFT_EMIT_LOC_STRINGS = YES;
				SWIFT_VERSION = 5.0;
				TARGETED_DEVICE_FAMILY = "1,2";
			};
			name = Release;
		};
		E68A1EE82818189A0070A4AB /* Debug */ = {
			isa = XCBuildConfiguration;
			buildSettings = {
				ALWAYS_EMBED_SWIFT_STANDARD_LIBRARIES = YES;
				BUNDLE_LOADER = "$(TEST_HOST)";
				CODE_SIGN_STYLE = Automatic;
				CURRENT_PROJECT_VERSION = 1;
				DEVELOPMENT_TEAM = UUNJH84ZMG;
				GENERATE_INFOPLIST_FILE = YES;
				IPHONEOS_DEPLOYMENT_TARGET = 15.4;
				MARKETING_VERSION = 1.0;
				PRODUCT_BUNDLE_IDENTIFIER = shr.feedappTests;
				PRODUCT_NAME = "$(TARGET_NAME)";
				SWIFT_EMIT_LOC_STRINGS = NO;
				SWIFT_VERSION = 5.0;
				TARGETED_DEVICE_FAMILY = "1,2";
				TEST_HOST = "$(BUILT_PRODUCTS_DIR)/feedapp.app/feedapp";
			};
			name = Debug;
		};
		E68A1EE92818189A0070A4AB /* Release */ = {
			isa = XCBuildConfiguration;
			buildSettings = {
				ALWAYS_EMBED_SWIFT_STANDARD_LIBRARIES = YES;
				BUNDLE_LOADER = "$(TEST_HOST)";
				CODE_SIGN_STYLE = Automatic;
				CURRENT_PROJECT_VERSION = 1;
				DEVELOPMENT_TEAM = UUNJH84ZMG;
				GENERATE_INFOPLIST_FILE = YES;
				IPHONEOS_DEPLOYMENT_TARGET = 15.4;
				MARKETING_VERSION = 1.0;
				PRODUCT_BUNDLE_IDENTIFIER = shr.feedappTests;
				PRODUCT_NAME = "$(TARGET_NAME)";
				SWIFT_EMIT_LOC_STRINGS = NO;
				SWIFT_VERSION = 5.0;
				TARGETED_DEVICE_FAMILY = "1,2";
				TEST_HOST = "$(BUILT_PRODUCTS_DIR)/feedapp.app/feedapp";
			};
			name = Release;
		};
		E68A1EEB2818189A0070A4AB /* Debug */ = {
			isa = XCBuildConfiguration;
			buildSettings = {
				ALWAYS_EMBED_SWIFT_STANDARD_LIBRARIES = YES;
				CODE_SIGN_STYLE = Automatic;
				CURRENT_PROJECT_VERSION = 1;
				DEVELOPMENT_TEAM = UUNJH84ZMG;
				GENERATE_INFOPLIST_FILE = YES;
				MARKETING_VERSION = 1.0;
				PRODUCT_BUNDLE_IDENTIFIER = shr.feedappUITests;
				PRODUCT_NAME = "$(TARGET_NAME)";
				SWIFT_EMIT_LOC_STRINGS = NO;
				SWIFT_VERSION = 5.0;
				TARGETED_DEVICE_FAMILY = "1,2";
				TEST_TARGET_NAME = feedapp;
			};
			name = Debug;
		};
		E68A1EEC2818189A0070A4AB /* Release */ = {
			isa = XCBuildConfiguration;
			buildSettings = {
				ALWAYS_EMBED_SWIFT_STANDARD_LIBRARIES = YES;
				CODE_SIGN_STYLE = Automatic;
				CURRENT_PROJECT_VERSION = 1;
				DEVELOPMENT_TEAM = UUNJH84ZMG;
				GENERATE_INFOPLIST_FILE = YES;
				MARKETING_VERSION = 1.0;
				PRODUCT_BUNDLE_IDENTIFIER = shr.feedappUITests;
				PRODUCT_NAME = "$(TARGET_NAME)";
				SWIFT_EMIT_LOC_STRINGS = NO;
				SWIFT_VERSION = 5.0;
				TARGETED_DEVICE_FAMILY = "1,2";
				TEST_TARGET_NAME = feedapp;
			};
			name = Release;
		};
/* End XCBuildConfiguration section */

/* Begin XCConfigurationList section */
		E68A1EBB281818940070A4AB /* Build configuration list for PBXProject "feedapp" */ = {
			isa = XCConfigurationList;
			buildConfigurations = (
				E68A1EE22818189A0070A4AB /* Debug */,
				E68A1EE32818189A0070A4AB /* Release */,
			);
			defaultConfigurationIsVisible = 0;
			defaultConfigurationName = Release;
		};
		E68A1EE42818189A0070A4AB /* Build configuration list for PBXNativeTarget "feedapp" */ = {
			isa = XCConfigurationList;
			buildConfigurations = (
				E68A1EE52818189A0070A4AB /* Debug */,
				E68A1EE62818189A0070A4AB /* Release */,
			);
			defaultConfigurationIsVisible = 0;
			defaultConfigurationName = Release;
		};
		E68A1EE72818189A0070A4AB /* Build configuration list for PBXNativeTarget "feedappTests" */ = {
			isa = XCConfigurationList;
			buildConfigurations = (
				E68A1EE82818189A0070A4AB /* Debug */,
				E68A1EE92818189A0070A4AB /* Release */,
			);
			defaultConfigurationIsVisible = 0;
			defaultConfigurationName = Release;
		};
		E68A1EEA2818189A0070A4AB /* Build configuration list for PBXNativeTarget "feedappUITests" */ = {
			isa = XCConfigurationList;
			buildConfigurations = (
				E68A1EEB2818189A0070A4AB /* Debug */,
				E68A1EEC2818189A0070A4AB /* Release */,
			);
			defaultConfigurationIsVisible = 0;
			defaultConfigurationName = Release;
		};
/* End XCConfigurationList section */
	};
	rootObject = E68A1EB8281818940070A4AB /* Project object */;
}
